
Microsoft Visual Studio Solution File, Format Version 12.00
# Visual Studio 15
VisualStudioVersion = 15.0.28010.2003
MinimumVisualStudioVersion = 10.0.40219.1
Project("{FAE04EC0-301F-11D3-BF4B-00C04F79EFBC}") = "GroupsParser", "GroupsParser\GroupsParser.csproj", "{29DB02AC-99AC-4912-B684-8234FEF08A69}"
EndProject
Global
	GlobalSection(SolutionConfigurationPlatforms) = preSolution
		Debug|Any CPU = Debug|Any CPU
		Release|Any CPU = Release|Any CPU
	EndGlobalSection
	GlobalSection(ProjectConfigurationPlatforms) = postSolution
		{29DB02AC-99AC-4912-B684-8234FEF08A69}.Debug|Any CPU.ActiveCfg = Debug|Any CPU
		{29DB02AC-99AC-4912-B684-8234FEF08A69}.Debug|Any CPU.Build.0 = Debug|Any CPU
		{29DB02AC-99AC-4912-B684-8234FEF08A69}.Release|Any CPU.ActiveCfg = Release|Any CPU
		{29DB02AC-99AC-4912-B684-8234FEF08A69}.Release|Any CPU.Build.0 = Release|Any CPU
	EndGlobalSection
	GlobalSection(SolutionProperties) = preSolution
		HideSolutionNode = FALSE
	EndGlobalSection
	GlobalSection(ExtensibilityGlobals) = postSolution
		SolutionGuid = {5DC4A2D2-1878-4EB2-B56D-09C416C373CD}
	EndGlobalSection
EndGlobal
